
Microsoft Visual Studio Solution File, Format Version 12.00
# Visual Studio 15
VisualStudioVersion = 15.0.28307.329
MinimumVisualStudioVersion = 10.0.40219.1
Project("{FAE04EC0-301F-11D3-BF4B-00C04F79EFBC}") = "Maze", "Maze\Maze.csproj", "{F444D694-031C-43A0-83EF-458C150C3176}"
EndProject
Project("{FAE04EC0-301F-11D3-BF4B-00C04F79EFBC}") = "Maze.Tests", "Maze.Tests\Maze.Tests.csproj", "{AFBA8DA4-2FC9-4DFF-BAED-DAC8CF23E6F0}"
EndProject
Global
	GlobalSection(SolutionConfigurationPlatforms) = preSolution
		Debug|Any CPU = Debug|Any CPU
		Release|Any CPU = Release|Any CPU
	EndGlobalSection
	GlobalSection(ProjectConfigurationPlatforms) = postSolution
		{F444D694-031C-43A0-83EF-458C150C3176}.Debug|Any CPU.ActiveCfg = Debug|Any CPU
		{F444D694-031C-43A0-83EF-458C150C3176}.Debug|Any CPU.Build.0 = Debug|Any CPU
		{F444D694-031C-43A0-83EF-458C150C3176}.Release|Any CPU.ActiveCfg = Release|Any CPU
		{F444D694-031C-43A0-83EF-458C150C3176}.Release|Any CPU.Build.0 = Release|Any CPU
		{AFBA8DA4-2FC9-4DFF-BAED-DAC8CF23E6F0}.Debug|Any CPU.ActiveCfg = Debug|Any CPU
		{AFBA8DA4-2FC9-4DFF-BAED-DAC8CF23E6F0}.Debug|Any CPU.Build.0 = Debug|Any CPU
		{AFBA8DA4-2FC9-4DFF-BAED-DAC8CF23E6F0}.Release|Any CPU.ActiveCfg = Release|Any CPU
		{AFBA8DA4-2FC9-4DFF-BAED-DAC8CF23E6F0}.Release|Any CPU.Build.0 = Release|Any CPU
	EndGlobalSection
	GlobalSection(SolutionProperties) = preSolution
		HideSolutionNode = FALSE
	EndGlobalSection
	GlobalSection(ExtensibilityGlobals) = postSolution
		SolutionGuid = {F51BBD76-34B1-4800-AA36-6EC4FF3CFEA9}
	EndGlobalSection
EndGlobal
